// !$*UTF8*$!
{
	archiveVersion = 1;
	classes = {
	};
	objectVersion = 50;
	objects = {

/* Begin PBXBuildFile section */
		55531921238704EA00A8F3B5 /* AppDelegate.swift in Sources */ = {isa = PBXBuildFile; fileRef = 55531920238704EA00A8F3B5 /* AppDelegate.swift */; };
		55531923238704EA00A8F3B5 /* SceneDelegate.swift in Sources */ = {isa = PBXBuildFile; fileRef = 55531922238704EA00A8F3B5 /* SceneDelegate.swift */; };
		55531926238704EA00A8F3B5 /* p1122.xcdatamodeld in Sources */ = {isa = PBXBuildFile; fileRef = 55531924238704EA00A8F3B5 /* p1122.xcdatamodeld */; };
		55531928238704EA00A8F3B5 /* ContentView.swift in Sources */ = {isa = PBXBuildFile; fileRef = 55531927238704EA00A8F3B5 /* ContentView.swift */; };
		5553192A238704EB00A8F3B5 /* Assets.xcassets in Resources */ = {isa = PBXBuildFile; fileRef = 55531929238704EB00A8F3B5 /* Assets.xcassets */; };
		5553192D238704EB00A8F3B5 /* Preview Assets.xcassets in Resources */ = {isa = PBXBuildFile; fileRef = 5553192C238704EB00A8F3B5 /* Preview Assets.xcassets */; };
		55531930238704EB00A8F3B5 /* LaunchScreen.storyboard in Resources */ = {isa = PBXBuildFile; fileRef = 5553192E238704EB00A8F3B5 /* LaunchScreen.storyboard */; };
/* End PBXBuildFile section */

/* Begin PBXFileReference section */
		5553191D238704EA00A8F3B5 /* p1122.app */ = {isa = PBXFileReference; explicitFileType = wrapper.application; includeInIndex = 0; path = p1122.app; sourceTree = BUILT_PRODUCTS_DIR; };
		55531920238704EA00A8F3B5 /* AppDelegate.swift */ = {isa = PBXFileReference; lastKnownFileType = sourcecode.swift; path = AppDelegate.swift; sourceTree = "<group>"; };
		55531922238704EA00A8F3B5 /* SceneDelegate.swift */ = {isa = PBXFileReference; lastKnownFileType = sourcecode.swift; path = SceneDelegate.swift; sourceTree = "<group>"; };
		55531925238704EA00A8F3B5 /* p1122.xcdatamodel */ = {isa = PBXFileReference; lastKnownFileType = wrapper.xcdatamodel; path = p1122.xcdatamodel; sourceTree = "<group>"; };
		55531927238704EA00A8F3B5 /* ContentView.swift */ = {isa = PBXFileReference; lastKnownFileType = sourcecode.swift; path = ContentView.swift; sourceTree = "<group>"; };
		55531929238704EB00A8F3B5 /* Assets.xcassets */ = {isa = PBXFileReference; lastKnownFileType = folder.assetcatalog; path = Assets.xcassets; sourceTree = "<group>"; };
		5553192C238704EB00A8F3B5 /* Preview Assets.xcassets */ = {isa = PBXFileReference; lastKnownFileType = folder.assetcatalog; path = "Preview Assets.xcassets"; sourceTree = "<group>"; };
		5553192F238704EB00A8F3B5 /* Base */ = {isa = PBXFileReference; lastKnownFileType = file.storyboard; name = Base; path = Base.lproj/LaunchScreen.storyboard; sourceTree = "<group>"; };
		55531931238704EB00A8F3B5 /* Info.plist */ = {isa = PBXFileReference; lastKnownFileType = text.plist.xml; path = Info.plist; sourceTree = "<group>"; };
/* End PBXFileReference section */

/* Begin PBXFrameworksBuildPhase section */
		5553191A238704EA00A8F3B5 /* Frameworks */ = {
			isa = PBXFrameworksBuildPhase;
			buildActionMask = 2147483647;
			files = (
			);
			runOnlyForDeploymentPostprocessing = 0;
		};
/* End PBXFrameworksBuildPhase section */

/* Begin PBXGroup section */
		55531914238704EA00A8F3B5 = {
			isa = PBXGroup;
			children = (
				5553191F238704EA00A8F3B5 /* p1122 */,
				5553191E238704EA00A8F3B5 /* Products */,
			);
			sourceTree = "<group>";
		};
		5553191E238704EA00A8F3B5 /* Products */ = {
			isa = PBXGroup;
			children = (
				5553191D238704EA00A8F3B5 /* p1122.app */,
			);
			name = Products;
			sourceTree = "<group>";
		};
		5553191F238704EA00A8F3B5 /* p1122 */ = {
			isa = PBXGroup;
			children = (
				55531920238704EA00A8F3B5 /* AppDelegate.swift */,
				55531922238704EA00A8F3B5 /* SceneDelegate.swift */,
				55531927238704EA00A8F3B5 /* ContentView.swift */,
				55531929238704EB00A8F3B5 /* Assets.xcassets */,
				5553192E238704EB00A8F3B5 /* LaunchScreen.storyboard */,
				55531931238704EB00A8F3B5 /* Info.plist */,
				55531924238704EA00A8F3B5 /* p1122.xcdatamodeld */,
				5553192B238704EB00A8F3B5 /* Preview Content */,
			);
			path = p1122;
			sourceTree = "<group>";
		};
		5553192B238704EB00A8F3B5 /* Preview Content */ = {
			isa = PBXGroup;
			children = (
				5553192C238704EB00A8F3B5 /* Preview Assets.xcassets */,
			);
			path = "Preview Content";
			sourceTree = "<group>";
		};
/* End PBXGroup section */

/* Begin PBXNativeTarget section */
		5553191C238704EA00A8F3B5 /* p1122 */ = {
			isa = PBXNativeTarget;
			buildConfigurationList = 55531934238704EB00A8F3B5 /* Build configuration list for PBXNativeTarget "p1122" */;
			buildPhases = (
				55531919238704EA00A8F3B5 /* Sources */,
				5553191A238704EA00A8F3B5 /* Frameworks */,
				5553191B238704EA00A8F3B5 /* Resources */,
			);
			buildRules = (
			);
			dependencies = (
			);
			name = p1122;
			productName = p1122;
			productReference = 5553191D238704EA00A8F3B5 /* p1122.app */;
			productType = "com.apple.product-type.application";
		};
/* End PBXNativeTarget section */

/* Begin PBXProject section */
		55531915238704EA00A8F3B5 /* Project object */ = {
			isa = PBXProject;
			attributes = {
				LastSwiftUpdateCheck = 1110;
				LastUpgradeCheck = 1110;
				ORGANIZATIONNAME = ntou;
				TargetAttributes = {
					5553191C238704EA00A8F3B5 = {
						CreatedOnToolsVersion = 11.1;
					};
				};
			};
			buildConfigurationList = 55531918238704EA00A8F3B5 /* Build configuration list for PBXProject "p1122" */;
			compatibilityVersion = "Xcode 9.3";
			developmentRegion = en;
			hasScannedForEncodings = 0;
			knownRegions = (
				en,
				Base,
			);
			mainGroup = 55531914238704EA00A8F3B5;
			productRefGroup = 5553191E238704EA00A8F3B5 /* Products */;
			projectDirPath = "";
			projectRoot = "";
			targets = (
				5553191C238704EA00A8F3B5 /* p1122 */,
			);
		};
/* End PBXProject section */

/* Begin PBXResourcesBuildPhase section */
		5553191B238704EA00A8F3B5 /* Resources */ = {
			isa = PBXResourcesBuildPhase;
			buildActionMask = 2147483647;
			files = (
				55531930238704EB00A8F3B5 /* LaunchScreen.storyboard in Resources */,
				5553192D238704EB00A8F3B5 /* Preview Assets.xcassets in Resources */,
				5553192A238704EB00A8F3B5 /* Assets.xcassets in Resources */,
			);
			runOnlyForDeploymentPostprocessing = 0;
		};
/* End PBXResourcesBuildPhase section */

/* Begin PBXSourcesBuildPhase section */
		55531919238704EA00A8F3B5 /* Sources */ = {
			isa = PBXSourcesBuildPhase;
			buildActionMask = 2147483647;
			files = (
				55531921238704EA00A8F3B5 /* AppDelegate.swift in Sources */,
				55531926238704EA00A8F3B5 /* p1122.xcdatamodeld in Sources */,
				55531928238704EA00A8F3B5 /* ContentView.swift in Sources */,
				55531923238704EA00A8F3B5 /* SceneDelegate.swift in Sources */,
			);
			runOnlyForDeploymentPostprocessing = 0;
		};
/* End PBXSourcesBuildPhase section */

/* Begin PBXVariantGroup section */
		5553192E238704EB00A8F3B5 /* LaunchScreen.storyboard */ = {
			isa = PBXVariantGroup;
			children = (
				5553192F238704EB00A8F3B5 /* Base */,
			);
			name = LaunchScreen.storyboard;
			sourceTree = "<group>";
		};
/* End PBXVariantGroup section */

/* Begin XCBuildConfiguration section */
		55531932238704EB00A8F3B5 /* Debug */ = {
			isa = XCBuildConfiguration;
			buildSettings = {
				ALWAYS_SEARCH_USER_PATHS = NO;
				CLANG_ANALYZER_NONNULL = YES;
				CLANG_ANALYZER_NUMBER_OBJECT_CONVERSION = YES_AGGRESSIVE;
				CLANG_CXX_LANGUAGE_STANDARD = "gnu++14";
				CLANG_CXX_LIBRARY = "libc++";
				CLANG_ENABLE_MODULES = YES;
				CLANG_ENABLE_OBJC_ARC = YES;
				CLANG_ENABLE_OBJC_WEAK = YES;
				CLANG_WARN_BLOCK_CAPTURE_AUTORELEASING = YES;
				CLANG_WARN_BOOL_CONVERSION = YES;
				CLANG_WARN_COMMA = YES;
				CLANG_WARN_CONSTANT_CONVERSION = YES;
				CLANG_WARN_DEPRECATED_OBJC_IMPLEMENTATIONS = YES;
				CLANG_WARN_DIRECT_OBJC_ISA_USAGE = YES_ERROR;
				CLANG_WARN_DOCUMENTATION_COMMENTS = YES;
				CLANG_WARN_EMPTY_BODY = YES;
				CLANG_WARN_ENUM_CONVERSION = YES;
				CLANG_WARN_INFINITE_RECURSION = YES;
				CLANG_WARN_INT_CONVERSION = YES;
				CLANG_WARN_NON_LITERAL_NULL_CONVERSION = YES;
				CLANG_WARN_OBJC_IMPLICIT_RETAIN_SELF = YES;
				CLANG_WARN_OBJC_LITERAL_CONVERSION = YES;
				CLANG_WARN_OBJC_ROOT_CLASS = YES_ERROR;
				CLANG_WARN_RANGE_LOOP_ANALYSIS = YES;
				CLANG_WARN_STRICT_PROTOTYPES = YES;
				CLANG_WARN_SUSPICIOUS_MOVE = YES;
				CLANG_WARN_UNGUARDED_AVAILABILITY = YES_AGGRESSIVE;
				CLANG_WARN_UNREACHABLE_CODE = YES;
				CLANG_WARN__DUPLICATE_METHOD_MATCH = YES;
				COPY_PHASE_STRIP = NO;
				DEBUG_INFORMATION_FORMAT = dwarf;
				ENABLE_STRICT_OBJC_MSGSEND = YES;
				ENABLE_TESTABILITY = YES;
				GCC_C_LANGUAGE_STANDARD = gnu11;
				GCC_DYNAMIC_NO_PIC = NO;
				GCC_NO_COMMON_BLOCKS = YES;
				GCC_OPTIMIZATION_LEVEL = 0;
				GCC_PREPROCESSOR_DEFINITIONS = (
					"DEBUG=1",
					"$(inherited)",
				);
				GCC_WARN_64_TO_32_BIT_CONVERSION = YES;
				GCC_WARN_ABOUT_RETURN_TYPE = YES_ERROR;
				GCC_WARN_UNDECLARED_SELECTOR = YES;
				GCC_WARN_UNINITIALIZED_AUTOS = YES_AGGRESSIVE;
				GCC_WARN_UNUSED_FUNCTION = YES;
				GCC_WARN_UNUSED_VARIABLE = YES;
				IPHONEOS_DEPLOYMENT_TARGET = 13.1;
				MTL_ENABLE_DEBUG_INFO = INCLUDE_SOURCE;
				MTL_FAST_MATH = YES;
				ONLY_ACTIVE_ARCH = YES;
				SDKROOT = iphoneos;
				SWIFT_ACTIVE_COMPILATION_CONDITIONS = DEBUG;
				SWIFT_OPTIMIZATION_LEVEL = "-Onone";
			};
			name = Debug;
		};
		55531933238704EB00A8F3B5 /* Release */ = {
			isa = XCBuildConfiguration;
			buildSettings = {
				ALWAYS_SEARCH_USER_PATHS = NO;
				CLANG_ANALYZER_NONNULL = YES;
				CLANG_ANALYZER_NUMBER_OBJECT_CONVERSION = YES_AGGRESSIVE;
				CLANG_CXX_LANGUAGE_STANDARD = "gnu++14";
				CLANG_CXX_LIBRARY = "libc++";
				CLANG_ENABLE_MODULES = YES;
				CLANG_ENABLE_OBJC_ARC = YES;
				CLANG_ENABLE_OBJC_WEAK = YES;
				CLANG_WARN_BLOCK_CAPTURE_AUTORELEASING = YES;
				CLANG_WARN_BOOL_CONVERSION = YES;
				CLANG_WARN_COMMA = YES;
				CLANG_WARN_CONSTANT_CONVERSION = YES;
				CLANG_WARN_DEPRECATED_OBJC_IMPLEMENTATIONS = YES;
				CLANG_WARN_DIRECT_OBJC_ISA_USAGE = YES_ERROR;
				CLANG_WARN_DOCUMENTATION_COMMENTS = YES;
				CLANG_WARN_EMPTY_BODY = YES;
				CLANG_WARN_ENUM_CONVERSION = YES;
				CLANG_WARN_INFINITE_RECURSION = YES;
				CLANG_WARN_INT_CONVERSION = YES;
				CLANG_WARN_NON_LITERAL_NULL_CONVERSION = YES;
				CLANG_WARN_OBJC_IMPLICIT_RETAIN_SELF = YES;
				CLANG_WARN_OBJC_LITERAL_CONVERSION = YES;
				CLANG_WARN_OBJC_ROOT_CLASS = YES_ERROR;
				CLANG_WARN_RANGE_LOOP_ANALYSIS = YES;
				CLANG_WARN_STRICT_PROTOTYPES = YES;
				CLANG_WARN_SUSPICIOUS_MOVE = YES;
				CLANG_WARN_UNGUARDED_AVAILABILITY = YES_AGGRESSIVE;
				CLANG_WARN_UNREACHABLE_CODE = YES;
				CLANG_WARN__DUPLICATE_METHOD_MATCH = YES;
				COPY_PHASE_STRIP = NO;
				DEBUG_INFORMATION_FORMAT = "dwarf-with-dsym";
				ENABLE_NS_ASSERTIONS = NO;
				ENABLE_STRICT_OBJC_MSGSEND = YES;
				GCC_C_LANGUAGE_STANDARD = gnu11;
				GCC_NO_COMMON_BLOCKS = YES;
				GCC_WARN_64_TO_32_BIT_CONVERSION = YES;
				GCC_WARN_ABOUT_RETURN_TYPE = YES_ERROR;
				GCC_WARN_UNDECLARED_SELECTOR = YES;
				GCC_WARN_UNINITIALIZED_AUTOS = YES_AGGRESSIVE;
				GCC_WARN_UNUSED_FUNCTION = YES;
				GCC_WARN_UNUSED_VARIABLE = YES;
				IPHONEOS_DEPLOYMENT_TARGET = 13.1;
				MTL_ENABLE_DEBUG_INFO = NO;
				MTL_FAST_MATH = YES;
				SDKROOT = iphoneos;
				SWIFT_COMPILATION_MODE = wholemodule;
				SWIFT_OPTIMIZATION_LEVEL = "-O";
				VALIDATE_PRODUCT = YES;
			};
			name = Release;
		};
		55531935238704EB00A8F3B5 /* Debug */ = {
			isa = XCBuildConfiguration;
			buildSettings = {
				ASSETCATALOG_COMPILER_APPICON_NAME = AppIcon;
				CODE_SIGN_STYLE = Automatic;
				DEVELOPMENT_ASSET_PATHS = "\"p1122/Preview Content\"";
				ENABLE_PREVIEWS = YES;
				INFOPLIST_FILE = p1122/Info.plist;
				LD_RUNPATH_SEARCH_PATHS = (
					"$(inherited)",
					"@executable_path/Frameworks",
				);
				PRODUCT_BUNDLE_IDENTIFIER = alice.p1122;
				PRODUCT_NAME = "$(TARGET_NAME)";
				SWIFT_VERSION = 5.0;
				TARGETED_DEVICE_FAMILY = "1,2";
			};
			name = Debug;
		};
		55531936238704EB00A8F3B5 /* Release */ = {
			isa = XCBuildConfiguration;
			buildSettings = {
				ASSETCATALOG_COMPILER_APPICON_NAME = AppIcon;
				CODE_SIGN_STYLE = Automatic;
				DEVELOPMENT_ASSET_PATHS = "\"p1122/Preview Content\"";
				ENABLE_PREVIEWS = YES;
				INFOPLIST_FILE = p1122/Info.plist;
				LD_RUNPATH_SEARCH_PATHS = (
					"$(inherited)",
					"@executable_path/Frameworks",
				);
				PRODUCT_BUNDLE_IDENTIFIER = alice.p1122;
				PRODUCT_NAME = "$(TARGET_NAME)";
				SWIFT_VERSION = 5.0;
				TARGETED_DEVICE_FAMILY = "1,2";
			};
			name = Release;
		};
/* End XCBuildConfiguration section */

/* Begin XCConfigurationList section */
		55531918238704EA00A8F3B5 /* Build configuration list for PBXProject "p1122" */ = {
			isa = XCConfigurationList;
			buildConfigurations = (
				55531932238704EB00A8F3B5 /* Debug */,
				55531933238704EB00A8F3B5 /* Release */,
			);
			defaultConfigurationIsVisible = 0;
			defaultConfigurationName = Release;
		};
		55531934238704EB00A8F3B5 /* Build configuration list for PBXNativeTarget "p1122" */ = {
			isa = XCConfigurationList;
			buildConfigurations = (
				55531935238704EB00A8F3B5 /* Debug */,
				55531936238704EB00A8F3B5 /* Release */,
			);
			defaultConfigurationIsVisible = 0;
			defaultConfigurationName = Release;
		};
/* End XCConfigurationList section */

/* Begin XCVersionGroup section */
		55531924238704EA00A8F3B5 /* p1122.xcdatamodeld */ = {
			isa = XCVersionGroup;
			children = (
				55531925238704EA00A8F3B5 /* p1122.xcdatamodel */,
			);
			currentVersion = 55531925238704EA00A8F3B5 /* p1122.xcdatamodel */;
			path = p1122.xcdatamodeld;
			sourceTree = "<group>";
			versionGroupType = wrapper.xcdatamodel;
		};
/* End XCVersionGroup section */
	};
	rootObject = 55531915238704EA00A8F3B5 /* Project object */;
}
